// !$*UTF8*$!
{
	archiveVersion = 1;
	classes = {
	};
	objectVersion = 77;
	objects = {

/* Begin PBXContainerItemProxy section */
		F409784B2D98C69F002480D4 /* PBXContainerItemProxy */ = {
			isa = PBXContainerItemProxy;
			containerPortal = F40978302D98C69B002480D4 /* Project object */;
			proxyType = 1;
			remoteGlobalIDString = F40978372D98C69C002480D4;
			remoteInfo = "AI money";
		};
		F40978552D98C69F002480D4 /* PBXContainerItemProxy */ = {
			isa = PBXContainerItemProxy;
			containerPortal = F40978302D98C69B002480D4 /* Project object */;
			proxyType = 1;
			remoteGlobalIDString = F40978372D98C69C002480D4;
			remoteInfo = "AI money";
		};
/* End PBXContainerItemProxy section */

/* Begin PBXFileReference section */
		F40978382D98C69C002480D4 /* AI money.app */ = {isa = PBXFileReference; explicitFileType = wrapper.application; includeInIndex = 0; path = "AI money.app"; sourceTree = BUILT_PRODUCTS_DIR; };
		F409784A2D98C69F002480D4 /* AI moneyTests.xctest */ = {isa = PBXFileReference; explicitFileType = wrapper.cfbundle; includeInIndex = 0; path = "AI moneyTests.xctest"; sourceTree = BUILT_PRODUCTS_DIR; };
		F40978542D98C69F002480D4 /* AI moneyUITests.xctest */ = {isa = PBXFileReference; explicitFileType = wrapper.cfbundle; includeInIndex = 0; path = "AI moneyUITests.xctest"; sourceTree = BUILT_PRODUCTS_DIR; };
		F4B8CA812DC7B4B600FD9FD4 /* AI-money-Info.plist */ = {isa = PBXFileReference; lastKnownFileType = text.plist.xml; path = "AI-money-Info.plist"; sourceTree = "<group>"; };
/* End PBXFileReference section */

/* Begin PBXFileSystemSynchronizedRootGroup section */
		F409783A2D98C69C002480D4 /* AI money */ = {
			isa = PBXFileSystemSynchronizedRootGroup;
			path = "AI money";
			sourceTree = "<group>";
		};
		F409784D2D98C69F002480D4 /* AI moneyTests */ = {
			isa = PBXFileSystemSynchronizedRootGroup;
			path = "AI moneyTests";
			sourceTree = "<group>";
		};
		F40978572D98C69F002480D4 /* AI moneyUITests */ = {
			isa = PBXFileSystemSynchronizedRootGroup;
			path = "AI moneyUITests";
			sourceTree = "<group>";
		};
/* End PBXFileSystemSynchronizedRootGroup section */

/* Begin PBXFrameworksBuildPhase section */
		F40978352D98C69C002480D4 /* Frameworks */ = {
			isa = PBXFrameworksBuildPhase;
			buildActionMask = 2147483647;
			files = (
			);
			runOnlyForDeploymentPostprocessing = 0;
		};
		F40978472D98C69F002480D4 /* Frameworks */ = {
			isa = PBXFrameworksBuildPhase;
			buildActionMask = 2147483647;
			files = (
			);
			runOnlyForDeploymentPostprocessing = 0;
		};
		F40978512D98C69F002480D4 /* Frameworks */ = {
			isa = PBXFrameworksBuildPhase;
			buildActionMask = 2147483647;
			files = (
			);
			runOnlyForDeploymentPostprocessing = 0;
		};
/* End PBXFrameworksBuildPhase section */

/* Begin PBXGroup section */
		F409782F2D98C69B002480D4 = {
			isa = PBXGroup;
			children = (
				F4B8CA812DC7B4B600FD9FD4 /* AI-money-Info.plist */,
				F409783A2D98C69C002480D4 /* AI money */,
				F409784D2D98C69F002480D4 /* AI moneyTests */,
				F40978572D98C69F002480D4 /* AI moneyUITests */,
				F40978392D98C69C002480D4 /* Products */,
			);
			sourceTree = "<group>";
		};
		F40978392D98C69C002480D4 /* Products */ = {
			isa = PBXGroup;
			children = (
				F40978382D98C69C002480D4 /* AI money.app */,
				F409784A2D98C69F002480D4 /* AI moneyTests.xctest */,
				F40978542D98C69F002480D4 /* AI moneyUITests.xctest */,
			);
			name = Products;
			sourceTree = "<group>";
		};
/* End PBXGroup section */

/* Begin PBXNativeTarget section */
		F40978372D98C69C002480D4 /* AI money */ = {
			isa = PBXNativeTarget;
			buildConfigurationList = F409785E2D98C69F002480D4 /* Build configuration list for PBXNativeTarget "AI money" */;
			buildPhases = (
				F40978342D98C69C002480D4 /* Sources */,
				F40978352D98C69C002480D4 /* Frameworks */,
				F40978362D98C69C002480D4 /* Resources */,
			);
			buildRules = (
			);
			dependencies = (
			);
			fileSystemSynchronizedGroups = (
				F409783A2D98C69C002480D4 /* AI money */,
			);
			name = "AI money";
			packageProductDependencies = (
			);
			productName = "AI money";
			productReference = F40978382D98C69C002480D4 /* AI money.app */;
			productType = "com.apple.product-type.application";
		};
		F40978492D98C69F002480D4 /* AI moneyTests */ = {
			isa = PBXNativeTarget;
			buildConfigurationList = F40978612D98C69F002480D4 /* Build configuration list for PBXNativeTarget "AI moneyTests" */;
			buildPhases = (
				F40978462D98C69F002480D4 /* Sources */,
				F40978472D98C69F002480D4 /* Frameworks */,
				F40978482D98C69F002480D4 /* Resources */,
			);
			buildRules = (
			);
			dependencies = (
				F409784C2D98C69F002480D4 /* PBXTargetDependency */,
			);
			fileSystemSynchronizedGroups = (
				F409784D2D98C69F002480D4 /* AI moneyTests */,
			);
			name = "AI moneyTests";
			packageProductDependencies = (
			);
			productName = "AI moneyTests";
			productReference = F409784A2D98C69F002480D4 /* AI moneyTests.xctest */;
			productType = "com.apple.product-type.bundle.unit-test";
		};
		F40978532D98C69F002480D4 /* AI moneyUITests */ = {
			isa = PBXNativeTarget;
			buildConfigurationList = F40978642D98C69F002480D4 /* Build configuration list for PBXNativeTarget "AI moneyUITests" */;
			buildPhases = (
				F40978502D98C69F002480D4 /* Sources */,
				F40978512D98C69F002480D4 /* Frameworks */,
				F40978522D98C69F002480D4 /* Resources */,
			);
			buildRules = (
			);
			dependencies = (
				F40978562D98C69F002480D4 /* PBXTargetDependency */,
			);
			fileSystemSynchronizedGroups = (
				F40978572D98C69F002480D4 /* AI moneyUITests */,
			);
			name = "AI moneyUITests";
			packageProductDependencies = (
			);
			productName = "AI moneyUITests";
			productReference = F40978542D98C69F002480D4 /* AI moneyUITests.xctest */;
			productType = "com.apple.product-type.bundle.ui-testing";
		};
/* End PBXNativeTarget section */

/* Begin PBXProject section */
		F40978302D98C69B002480D4 /* Project object */ = {
			isa = PBXProject;
			attributes = {
				BuildIndependentTargetsInParallel = 1;
				LastSwiftUpdateCheck = 1620;
				LastUpgradeCheck = 2600;
				TargetAttributes = {
					F40978372D98C69C002480D4 = {
						CreatedOnToolsVersion = 16.2;
					};
					F40978492D98C69F002480D4 = {
						CreatedOnToolsVersion = 16.2;
						TestTargetID = F40978372D98C69C002480D4;
					};
					F40978532D98C69F002480D4 = {
						CreatedOnToolsVersion = 16.2;
						TestTargetID = F40978372D98C69C002480D4;
					};
				};
			};
			buildConfigurationList = F40978332D98C69B002480D4 /* Build configuration list for PBXProject "AI money" */;
			developmentRegion = en;
			hasScannedForEncodings = 0;
			knownRegions = (
				en,
				Base,
			);
			mainGroup = F409782F2D98C69B002480D4;
			minimizedProjectReferenceProxies = 1;
			preferredProjectObjectVersion = 77;
			productRefGroup = F40978392D98C69C002480D4 /* Products */;
			projectDirPath = "";
			projectRoot = "";
			targets = (
				F40978372D98C69C002480D4 /* AI money */,
				F40978492D98C69F002480D4 /* AI moneyTests */,
				F40978532D98C69F002480D4 /* AI moneyUITests */,
			);
		};
/* End PBXProject section */

/* Begin PBXResourcesBuildPhase section */
		F40978362D98C69C002480D4 /* Resources */ = {
			isa = PBXResourcesBuildPhase;
			buildActionMask = 2147483647;
			files = (
			);
			runOnlyForDeploymentPostprocessing = 0;
		};
		F40978482D98C69F002480D4 /* Resources */ = {
			isa = PBXResourcesBuildPhase;
			buildActionMask = 2147483647;
			files = (
			);
			runOnlyForDeploymentPostprocessing = 0;
		};
		F40978522D98C69F002480D4 /* Resources */ = {
			isa = PBXResourcesBuildPhase;
			buildActionMask = 2147483647;
			files = (
			);
			runOnlyForDeploymentPostprocessing = 0;
		};
/* End PBXResourcesBuildPhase section */

/* Begin PBXSourcesBuildPhase section */
		F40978342D98C69C002480D4 /* Sources */ = {
			isa = PBXSourcesBuildPhase;
			buildActionMask = 2147483647;
			files = (
			);
			runOnlyForDeploymentPostprocessing = 0;
		};
		F40978462D98C69F002480D4 /* Sources */ = {
			isa = PBXSourcesBuildPhase;
			buildActionMask = 2147483647;
			files = (
			);
			runOnlyForDeploymentPostprocessing = 0;
		};
		F40978502D98C69F002480D4 /* Sources */ = {
			isa = PBXSourcesBuildPhase;
			buildActionMask = 2147483647;
			files = (
			);
			runOnlyForDeploymentPostprocessing = 0;
		};
/* End PBXSourcesBuildPhase section */

/* Begin PBXTargetDependency section */
		F409784C2D98C69F002480D4 /* PBXTargetDependency */ = {
			isa = PBXTargetDependency;
			target = F40978372D98C69C002480D4 /* AI money */;
			targetProxy = F409784B2D98C69F002480D4 /* PBXContainerItemProxy */;
		};
		F40978562D98C69F002480D4 /* PBXTargetDependency */ = {
			isa = PBXTargetDependency;
			target = F40978372D98C69C002480D4 /* AI money */;
			targetProxy = F40978552D98C69F002480D4 /* PBXContainerItemProxy */;
		};
/* End PBXTargetDependency section */

/* Begin XCBuildConfiguration section */
		F409785C2D98C69F002480D4 /* Debug */ = {
			isa = XCBuildConfiguration;
			buildSettings = {
				ALWAYS_SEARCH_USER_PATHS = NO;
				ASSETCATALOG_COMPILER_GENERATE_SWIFT_ASSET_SYMBOL_EXTENSIONS = YES;
				CLANG_ANALYZER_NONNULL = YES;
				CLANG_ANALYZER_NUMBER_OBJECT_CONVERSION = YES_AGGRESSIVE;
				CLANG_CXX_LANGUAGE_STANDARD = "gnu++20";
				CLANG_ENABLE_MODULES = YES;
				CLANG_ENABLE_OBJC_ARC = YES;
				CLANG_ENABLE_OBJC_WEAK = YES;
				CLANG_WARN_BLOCK_CAPTURE_AUTORELEASING = YES;
				CLANG_WARN_BOOL_CONVERSION = YES;
				CLANG_WARN_COMMA = YES;
				CLANG_WARN_CONSTANT_CONVERSION = YES;
				CLANG_WARN_DEPRECATED_OBJC_IMPLEMENTATIONS = YES;
				CLANG_WARN_DIRECT_OBJC_ISA_USAGE = YES_ERROR;
				CLANG_WARN_DOCUMENTATION_COMMENTS = YES;
				CLANG_WARN_EMPTY_BODY = YES;
				CLANG_WARN_ENUM_CONVERSION = YES;
				CLANG_WARN_INFINITE_RECURSION = YES;
				CLANG_WARN_INT_CONVERSION = YES;
				CLANG_WARN_NON_LITERAL_NULL_CONVERSION = YES;
				CLANG_WARN_OBJC_IMPLICIT_RETAIN_SELF = YES;
				CLANG_WARN_OBJC_LITERAL_CONVERSION = YES;
				CLANG_WARN_OBJC_ROOT_CLASS = YES_ERROR;
				CLANG_WARN_QUOTED_INCLUDE_IN_FRAMEWORK_HEADER = YES;
				CLANG_WARN_RANGE_LOOP_ANALYSIS = YES;
				CLANG_WARN_STRICT_PROTOTYPES = YES;
				CLANG_WARN_SUSPICIOUS_MOVE = YES;
				CLANG_WARN_UNGUARDED_AVAILABILITY = YES_AGGRESSIVE;
				CLANG_WARN_UNREACHABLE_CODE = YES;
				CLANG_WARN__DUPLICATE_METHOD_MATCH = YES;
				COPY_PHASE_STRIP = NO;
				DEBUG_INFORMATION_FORMAT = dwarf;
				ENABLE_STRICT_OBJC_MSGSEND = YES;
				ENABLE_TESTABILITY = YES;
				ENABLE_USER_SCRIPT_SANDBOXING = YES;
				GCC_C_LANGUAGE_STANDARD = gnu17;
				GCC_DYNAMIC_NO_PIC = NO;
				GCC_NO_COMMON_BLOCKS = YES;
				GCC_OPTIMIZATION_LEVEL = 0;
				GCC_PREPROCESSOR_DEFINITIONS = (
					"DEBUG=1",
					"$(inherited)",
				);
				GCC_WARN_64_TO_32_BIT_CONVERSION = YES;
				GCC_WARN_ABOUT_RETURN_TYPE = YES_ERROR;
				GCC_WARN_UNDECLARED_SELECTOR = YES;
				GCC_WARN_UNINITIALIZED_AUTOS = YES_AGGRESSIVE;
				GCC_WARN_UNUSED_FUNCTION = YES;
				GCC_WARN_UNUSED_VARIABLE = YES;
				IPHONEOS_DEPLOYMENT_TARGET = 18.2;
				LOCALIZATION_PREFERS_STRING_CATALOGS = YES;
				MTL_ENABLE_DEBUG_INFO = INCLUDE_SOURCE;
				MTL_FAST_MATH = YES;
				ONLY_ACTIVE_ARCH = YES;
				SDKROOT = iphoneos;
				STRING_CATALOG_GENERATE_SYMBOLS = YES;
				SWIFT_ACTIVE_COMPILATION_CONDITIONS = "DEBUG $(inherited)";
				SWIFT_OPTIMIZATION_LEVEL = "-Onone";
			};
			name = Debug;
		};
		F409785D2D98C69F002480D4 /* Release */ = {
			isa = XCBuildConfiguration;
			buildSettings = {
				ALWAYS_SEARCH_USER_PATHS = NO;
				ASSETCATALOG_COMPILER_GENERATE_SWIFT_ASSET_SYMBOL_EXTENSIONS = YES;
				CLANG_ANALYZER_NONNULL = YES;
				CLANG_ANALYZER_NUMBER_OBJECT_CONVERSION = YES_AGGRESSIVE;
				CLANG_CXX_LANGUAGE_STANDARD = "gnu++20";
				CLANG_ENABLE_MODULES = YES;
				CLANG_ENABLE_OBJC_ARC = YES;
				CLANG_ENABLE_OBJC_WEAK = YES;
				CLANG_WARN_BLOCK_CAPTURE_AUTORELEASING = YES;
				CLANG_WARN_BOOL_CONVERSION = YES;
				CLANG_WARN_COMMA = YES;
				CLANG_WARN_CONSTANT_CONVERSION = YES;
				CLANG_WARN_DEPRECATED_OBJC_IMPLEMENTATIONS = YES;
				CLANG_WARN_DIRECT_OBJC_ISA_USAGE = YES_ERROR;
				CLANG_WARN_DOCUMENTATION_COMMENTS = YES;
				CLANG_WARN_EMPTY_BODY = YES;
				CLANG_WARN_ENUM_CONVERSION = YES;
				CLANG_WARN_INFINITE_RECURSION = YES;
				CLANG_WARN_INT_CONVERSION = YES;
				CLANG_WARN_NON_LITERAL_NULL_CONVERSION = YES;
				CLANG_WARN_OBJC_IMPLICIT_RETAIN_SELF = YES;
				CLANG_WARN_OBJC_LITERAL_CONVERSION = YES;
				CLANG_WARN_OBJC_ROOT_CLASS = YES_ERROR;
				CLANG_WARN_QUOTED_INCLUDE_IN_FRAMEWORK_HEADER = YES;
				CLANG_WARN_RANGE_LOOP_ANALYSIS = YES;
				CLANG_WARN_STRICT_PROTOTYPES = YES;
				CLANG_WARN_SUSPICIOUS_MOVE = YES;
				CLANG_WARN_UNGUARDED_AVAILABILITY = YES_AGGRESSIVE;
				CLANG_WARN_UNREACHABLE_CODE = YES;
				CLANG_WARN__DUPLICATE_METHOD_MATCH = YES;
				COPY_PHASE_STRIP = NO;
				DEBUG_INFORMATION_FORMAT = "dwarf-with-dsym";
				ENABLE_NS_ASSERTIONS = NO;
				ENABLE_STRICT_OBJC_MSGSEND = YES;
				ENABLE_USER_SCRIPT_SANDBOXING = YES;
				GCC_C_LANGUAGE_STANDARD = gnu17;
				GCC_NO_COMMON_BLOCKS = YES;
				GCC_WARN_64_TO_32_BIT_CONVERSION = YES;
				GCC_WARN_ABOUT_RETURN_TYPE = YES_ERROR;
				GCC_WARN_UNDECLARED_SELECTOR = YES;
				GCC_WARN_UNINITIALIZED_AUTOS = YES_AGGRESSIVE;
				GCC_WARN_UNUSED_FUNCTION = YES;
				GCC_WARN_UNUSED_VARIABLE = YES;
				IPHONEOS_DEPLOYMENT_TARGET = 18.2;
				LOCALIZATION_PREFERS_STRING_CATALOGS = YES;
				MTL_ENABLE_DEBUG_INFO = NO;
				MTL_FAST_MATH = YES;
				SDKROOT = iphoneos;
				STRING_CATALOG_GENERATE_SYMBOLS = YES;
				SWIFT_COMPILATION_MODE = wholemodule;
				VALIDATE_PRODUCT = YES;
			};
			name = Release;
		};
		F409785F2D98C69F002480D4 /* Debug */ = {
			isa = XCBuildConfiguration;
			buildSettings = {
				ASSETCATALOG_COMPILER_APPICON_NAME = AppIcon;
				ASSETCATALOG_COMPILER_GLOBAL_ACCENT_COLOR_NAME = AccentColor;
				CODE_SIGN_STYLE = Automatic;
				CURRENT_PROJECT_VERSION = Beta;
				DEVELOPMENT_ASSET_PATHS = "\"AI money/Preview Content\"";
				DEVELOPMENT_TEAM = T7TU7532L4;
				ENABLE_PREVIEWS = YES;
				GENERATE_INFOPLIST_FILE = YES;
				INFOPLIST_FILE = "AI-money-Info.plist";
				INFOPLIST_KEY_UIApplicationSceneManifest_Generation = YES;
				INFOPLIST_KEY_UIApplicationSupportsIndirectInputEvents = YES;
				INFOPLIST_KEY_UILaunchScreen_Generation = YES;
				INFOPLIST_KEY_UISupportedInterfaceOrientations = UIInterfaceOrientationPortrait;
				IPHONEOS_DEPLOYMENT_TARGET = 17.6;
				LD_RUNPATH_SEARCH_PATHS = (
					"$(inherited)",
					"@executable_path/Frameworks",
				);
				MARKETING_VERSION = 1.0;
				PRODUCT_BUNDLE_IDENTIFIER = "test.AI-money";
				PRODUCT_NAME = "$(TARGET_NAME)";
				SWIFT_EMIT_LOC_STRINGS = YES;
				SWIFT_VERSION = 5.0;
				TARGETED_DEVICE_FAMILY = "1,2";
			};
			name = Debug;
		};
		F40978602D98C69F002480D4 /* Release */ = {
			isa = XCBuildConfiguration;
			buildSettings = {
				ASSETCATALOG_COMPILER_APPICON_NAME = AppIcon;
				ASSETCATALOG_COMPILER_GLOBAL_ACCENT_COLOR_NAME = AccentColor;
				CODE_SIGN_STYLE = Automatic;
				CURRENT_PROJECT_VERSION = Beta;
				DEVELOPMENT_ASSET_PATHS = "\"AI money/Preview Content\"";
				DEVELOPMENT_TEAM = T7TU7532L4;
				ENABLE_PREVIEWS = YES;
				GENERATE_INFOPLIST_FILE = YES;
				INFOPLIST_FILE = "AI-money-Info.plist";
				INFOPLIST_KEY_UIApplicationSceneManifest_Generation = YES;
				INFOPLIST_KEY_UIApplicationSupportsIndirectInputEvents = YES;
				INFOPLIST_KEY_UILaunchScreen_Generation = YES;
				INFOPLIST_KEY_UISupportedInterfaceOrientations = UIInterfaceOrientationPortrait;
				IPHONEOS_DEPLOYMENT_TARGET = 17.6;
				LD_RUNPATH_SEARCH_PATHS = (
					"$(inherited)",
					"@executable_path/Frameworks",
				);
				MARKETING_VERSION = 1.0;
				PRODUCT_BUNDLE_IDENTIFIER = "test.AI-money";
				PRODUCT_NAME = "$(TARGET_NAME)";
				SWIFT_EMIT_LOC_STRINGS = YES;
				SWIFT_VERSION = 5.0;
				TARGETED_DEVICE_FAMILY = "1,2";
			};
			name = Release;
		};
		F40978622D98C69F002480D4 /* Debug */ = {
			isa = XCBuildConfiguration;
			buildSettings = {
				BUNDLE_LOADER = "$(TEST_HOST)";
				CODE_SIGN_STYLE = Automatic;
				CURRENT_PROJECT_VERSION = 1;
				GENERATE_INFOPLIST_FILE = YES;
				IPHONEOS_DEPLOYMENT_TARGET = 18.2;
				MARKETING_VERSION = 1.0;
				PRODUCT_BUNDLE_IDENTIFIER = "test.AI-moneyTests";
				PRODUCT_NAME = "$(TARGET_NAME)";
				SWIFT_EMIT_LOC_STRINGS = NO;
				SWIFT_VERSION = 5.0;
				TARGETED_DEVICE_FAMILY = "1,2";
				TEST_HOST = "$(BUILT_PRODUCTS_DIR)/AI money.app/$(BUNDLE_EXECUTABLE_FOLDER_PATH)/AI money";
			};
			name = Debug;
		};
		F40978632D98C69F002480D4 /* Release */ = {
			isa = XCBuildConfiguration;
			buildSettings = {
				BUNDLE_LOADER = "$(TEST_HOST)";
				CODE_SIGN_STYLE = Automatic;
				CURRENT_PROJECT_VERSION = 1;
				GENERATE_INFOPLIST_FILE = YES;
				IPHONEOS_DEPLOYMENT_TARGET = 18.2;
				MARKETING_VERSION = 1.0;
				PRODUCT_BUNDLE_IDENTIFIER = "test.AI-moneyTests";
				PRODUCT_NAME = "$(TARGET_NAME)";
				SWIFT_EMIT_LOC_STRINGS = NO;
				SWIFT_VERSION = 5.0;
				TARGETED_DEVICE_FAMILY = "1,2";
				TEST_HOST = "$(BUILT_PRODUCTS_DIR)/AI money.app/$(BUNDLE_EXECUTABLE_FOLDER_PATH)/AI money";
			};
			name = Release;
		};
		F40978652D98C69F002480D4 /* Debug */ = {
			isa = XCBuildConfiguration;
			buildSettings = {
				CODE_SIGN_STYLE = Automatic;
				CURRENT_PROJECT_VERSION = 1;
				GENERATE_INFOPLIST_FILE = YES;
				MARKETING_VERSION = 1.0;
				PRODUCT_BUNDLE_IDENTIFIER = "test.AI-moneyUITests";
				PRODUCT_NAME = "$(TARGET_NAME)";
				SWIFT_EMIT_LOC_STRINGS = NO;
				SWIFT_VERSION = 5.0;
				TARGETED_DEVICE_FAMILY = "1,2";
				TEST_TARGET_NAME = "AI money";
			};
			name = Debug;
		};
		F40978662D98C69F002480D4 /* Release */ = {
			isa = XCBuildConfiguration;
			buildSettings = {
				CODE_SIGN_STYLE = Automatic;
				CURRENT_PROJECT_VERSION = 1;
				GENERATE_INFOPLIST_FILE = YES;
				MARKETING_VERSION = 1.0;
				PRODUCT_BUNDLE_IDENTIFIER = "test.AI-moneyUITests";
				PRODUCT_NAME = "$(TARGET_NAME)";
				SWIFT_EMIT_LOC_STRINGS = NO;
				SWIFT_VERSION = 5.0;
				TARGETED_DEVICE_FAMILY = "1,2";
				TEST_TARGET_NAME = "AI money";
			};
			name = Release;
		};
/* End XCBuildConfiguration section */

/* Begin XCConfigurationList section */
		F40978332D98C69B002480D4 /* Build configuration list for PBXProject "AI money" */ = {
			isa = XCConfigurationList;
			buildConfigurations = (
				F409785C2D98C69F002480D4 /* Debug */,
				F409785D2D98C69F002480D4 /* Release */,
			);
			defaultConfigurationIsVisible = 0;
			defaultConfigurationName = Release;
		};
		F409785E2D98C69F002480D4 /* Build configuration list for PBXNativeTarget "AI money" */ = {
			isa = XCConfigurationList;
			buildConfigurations = (
				F409785F2D98C69F002480D4 /* Debug */,
				F40978602D98C69F002480D4 /* Release */,
			);
			defaultConfigurationIsVisible = 0;
			defaultConfigurationName = Release;
		};
		F40978612D98C69F002480D4 /* Build configuration list for PBXNativeTarget "AI moneyTests" */ = {
			isa = XCConfigurationList;
			buildConfigurations = (
				F40978622D98C69F002480D4 /* Debug */,
				F40978632D98C69F002480D4 /* Release */,
			);
			defaultConfigurationIsVisible = 0;
			defaultConfigurationName = Release;
		};
		F40978642D98C69F002480D4 /* Build configuration list for PBXNativeTarget "AI moneyUITests" */ = {
			isa = XCConfigurationList;
			buildConfigurations = (
				F40978652D98C69F002480D4 /* Debug */,
				F40978662D98C69F002480D4 /* Release */,
			);
			defaultConfigurationIsVisible = 0;
			defaultConfigurationName = Release;
		};
/* End XCConfigurationList section */
	};
	rootObject = F40978302D98C69B002480D4 /* Project object */;
}
